
Microsoft Visual Studio Solution File, Format Version 12.00
# Visual Studio Version 16
VisualStudioVersion = 16.0.31019.35
MinimumVisualStudioVersion = 10.0.40219.1
Project("{FAE04EC0-301F-11D3-BF4B-00C04F79EFBC}") = "SignalR chat", "SignalR chat.csproj", "{2B3601DA-F876-44CC-8D11-7D40069B9F3D}"
EndProject
Global
	GlobalSection(SolutionConfigurationPlatforms) = preSolution
		Debug|Any CPU = Debug|Any CPU
		Release|Any CPU = Release|Any CPU
	EndGlobalSection
	GlobalSection(ProjectConfigurationPlatforms) = postSolution
		{2B3601DA-F876-44CC-8D11-7D40069B9F3D}.Debug|Any CPU.ActiveCfg = Debug|Any CPU
		{2B3601DA-F876-44CC-8D11-7D40069B9F3D}.Debug|Any CPU.Build.0 = Debug|Any CPU
		{2B3601DA-F876-44CC-8D11-7D40069B9F3D}.Release|Any CPU.ActiveCfg = Release|Any CPU
		{2B3601DA-F876-44CC-8D11-7D40069B9F3D}.Release|Any CPU.Build.0 = Release|Any CPU
	EndGlobalSection
	GlobalSection(SolutionProperties) = preSolution
		HideSolutionNode = FALSE
	EndGlobalSection
	GlobalSection(ExtensibilityGlobals) = postSolution
		SolutionGuid = {7B9B948E-EEE8-4AE6-B4EA-F2ECA6D28BC0}
	EndGlobalSection
EndGlobal
